
Microsoft Visual Studio Solution File, Format Version 12.00
# Visual Studio 15
VisualStudioVersion = 15.0.28307.572
MinimumVisualStudioVersion = 10.0.40219.1
Project("{FAE04EC0-301F-11D3-BF4B-00C04F79EFBC}") = "Exercicio059", "Exercicio059\Exercicio059.csproj", "{355FEEAA-C25B-42A4-9B09-5C833CCDF339}"
EndProject
Global
	GlobalSection(SolutionConfigurationPlatforms) = preSolution
		Debug|Any CPU = Debug|Any CPU
		Release|Any CPU = Release|Any CPU
	EndGlobalSection
	GlobalSection(ProjectConfigurationPlatforms) = postSolution
		{355FEEAA-C25B-42A4-9B09-5C833CCDF339}.Debug|Any CPU.ActiveCfg = Debug|Any CPU
		{355FEEAA-C25B-42A4-9B09-5C833CCDF339}.Debug|Any CPU.Build.0 = Debug|Any CPU
		{355FEEAA-C25B-42A4-9B09-5C833CCDF339}.Release|Any CPU.ActiveCfg = Release|Any CPU
		{355FEEAA-C25B-42A4-9B09-5C833CCDF339}.Release|Any CPU.Build.0 = Release|Any CPU
	EndGlobalSection
	GlobalSection(SolutionProperties) = preSolution
		HideSolutionNode = FALSE
	EndGlobalSection
	GlobalSection(ExtensibilityGlobals) = postSolution
		SolutionGuid = {2E8A9575-4683-4ED1-9013-01942BABF362}
	EndGlobalSection
EndGlobal
