
Microsoft Visual Studio Solution File, Format Version 12.00
# Visual Studio 15
VisualStudioVersion = 15.0.28307.572
MinimumVisualStudioVersion = 10.0.40219.1
Project("{FAE04EC0-301F-11D3-BF4B-00C04F79EFBC}") = "Exercicio079", "Exercicio079\Exercicio079.csproj", "{1924F332-5363-42F8-AAC0-0B0DBE5C7A95}"
EndProject
Global
	GlobalSection(SolutionConfigurationPlatforms) = preSolution
		Debug|Any CPU = Debug|Any CPU
		Release|Any CPU = Release|Any CPU
	EndGlobalSection
	GlobalSection(ProjectConfigurationPlatforms) = postSolution
		{1924F332-5363-42F8-AAC0-0B0DBE5C7A95}.Debug|Any CPU.ActiveCfg = Debug|Any CPU
		{1924F332-5363-42F8-AAC0-0B0DBE5C7A95}.Debug|Any CPU.Build.0 = Debug|Any CPU
		{1924F332-5363-42F8-AAC0-0B0DBE5C7A95}.Release|Any CPU.ActiveCfg = Release|Any CPU
		{1924F332-5363-42F8-AAC0-0B0DBE5C7A95}.Release|Any CPU.Build.0 = Release|Any CPU
	EndGlobalSection
	GlobalSection(SolutionProperties) = preSolution
		HideSolutionNode = FALSE
	EndGlobalSection
	GlobalSection(ExtensibilityGlobals) = postSolution
		SolutionGuid = {9A6B4570-F248-441D-847D-7EA8A9E6E983}
	EndGlobalSection
EndGlobal
