
Microsoft Visual Studio Solution File, Format Version 12.00
# Visual Studio 15
VisualStudioVersion = 15.0.28307.572
MinimumVisualStudioVersion = 10.0.40219.1
Project("{FAE04EC0-301F-11D3-BF4B-00C04F79EFBC}") = "Exercicio100", "Exercicio100\Exercicio100.csproj", "{2CBDE021-7612-494D-8597-B3E55777B121}"
EndProject
Global
	GlobalSection(SolutionConfigurationPlatforms) = preSolution
		Debug|Any CPU = Debug|Any CPU
		Release|Any CPU = Release|Any CPU
	EndGlobalSection
	GlobalSection(ProjectConfigurationPlatforms) = postSolution
		{2CBDE021-7612-494D-8597-B3E55777B121}.Debug|Any CPU.ActiveCfg = Debug|Any CPU
		{2CBDE021-7612-494D-8597-B3E55777B121}.Debug|Any CPU.Build.0 = Debug|Any CPU
		{2CBDE021-7612-494D-8597-B3E55777B121}.Release|Any CPU.ActiveCfg = Release|Any CPU
		{2CBDE021-7612-494D-8597-B3E55777B121}.Release|Any CPU.Build.0 = Release|Any CPU
	EndGlobalSection
	GlobalSection(SolutionProperties) = preSolution
		HideSolutionNode = FALSE
	EndGlobalSection
	GlobalSection(ExtensibilityGlobals) = postSolution
		SolutionGuid = {002AC292-0893-4F7E-9E26-63EAA67770DF}
	EndGlobalSection
EndGlobal
