
Microsoft Visual Studio Solution File, Format Version 12.00
# Visual Studio 15
VisualStudioVersion = 15.0.28307.572
MinimumVisualStudioVersion = 10.0.40219.1
Project("{FAE04EC0-301F-11D3-BF4B-00C04F79EFBC}") = "Exercicio022", "Exercicio022\Exercicio022.csproj", "{076675B3-9D76-4D9A-AAB5-E027520EB37E}"
EndProject
Global
	GlobalSection(SolutionConfigurationPlatforms) = preSolution
		Debug|Any CPU = Debug|Any CPU
		Release|Any CPU = Release|Any CPU
	EndGlobalSection
	GlobalSection(ProjectConfigurationPlatforms) = postSolution
		{076675B3-9D76-4D9A-AAB5-E027520EB37E}.Debug|Any CPU.ActiveCfg = Debug|Any CPU
		{076675B3-9D76-4D9A-AAB5-E027520EB37E}.Debug|Any CPU.Build.0 = Debug|Any CPU
		{076675B3-9D76-4D9A-AAB5-E027520EB37E}.Release|Any CPU.ActiveCfg = Release|Any CPU
		{076675B3-9D76-4D9A-AAB5-E027520EB37E}.Release|Any CPU.Build.0 = Release|Any CPU
	EndGlobalSection
	GlobalSection(SolutionProperties) = preSolution
		HideSolutionNode = FALSE
	EndGlobalSection
	GlobalSection(ExtensibilityGlobals) = postSolution
		SolutionGuid = {CB4C379C-EAB2-4086-B476-C1D5B7CDA727}
	EndGlobalSection
EndGlobal
