
Microsoft Visual Studio Solution File, Format Version 12.00
# Visual Studio 15
VisualStudioVersion = 15.0.28307.572
MinimumVisualStudioVersion = 10.0.40219.1
Project("{FAE04EC0-301F-11D3-BF4B-00C04F79EFBC}") = "Exercicio003deverdade", "Exercicio003deverdade\Exercicio003deverdade.csproj", "{614C51D0-189E-4CA9-81A5-60002A5AECD1}"
EndProject
Global
	GlobalSection(SolutionConfigurationPlatforms) = preSolution
		Debug|Any CPU = Debug|Any CPU
		Release|Any CPU = Release|Any CPU
	EndGlobalSection
	GlobalSection(ProjectConfigurationPlatforms) = postSolution
		{614C51D0-189E-4CA9-81A5-60002A5AECD1}.Debug|Any CPU.ActiveCfg = Debug|Any CPU
		{614C51D0-189E-4CA9-81A5-60002A5AECD1}.Debug|Any CPU.Build.0 = Debug|Any CPU
		{614C51D0-189E-4CA9-81A5-60002A5AECD1}.Release|Any CPU.ActiveCfg = Release|Any CPU
		{614C51D0-189E-4CA9-81A5-60002A5AECD1}.Release|Any CPU.Build.0 = Release|Any CPU
	EndGlobalSection
	GlobalSection(SolutionProperties) = preSolution
		HideSolutionNode = FALSE
	EndGlobalSection
	GlobalSection(ExtensibilityGlobals) = postSolution
		SolutionGuid = {03FD7D73-DF5D-45DB-9712-9F8D506CEBC5}
	EndGlobalSection
EndGlobal
