
Microsoft Visual Studio Solution File, Format Version 12.00
# Visual Studio 15
VisualStudioVersion = 15.0.28307.572
MinimumVisualStudioVersion = 10.0.40219.1
Project("{FAE04EC0-301F-11D3-BF4B-00C04F79EFBC}") = "Exercicio039", "Exercicio039\Exercicio039.csproj", "{274B7387-B830-49A7-AC56-645B12665E7A}"
EndProject
Global
	GlobalSection(SolutionConfigurationPlatforms) = preSolution
		Debug|Any CPU = Debug|Any CPU
		Release|Any CPU = Release|Any CPU
	EndGlobalSection
	GlobalSection(ProjectConfigurationPlatforms) = postSolution
		{274B7387-B830-49A7-AC56-645B12665E7A}.Debug|Any CPU.ActiveCfg = Debug|Any CPU
		{274B7387-B830-49A7-AC56-645B12665E7A}.Debug|Any CPU.Build.0 = Debug|Any CPU
		{274B7387-B830-49A7-AC56-645B12665E7A}.Release|Any CPU.ActiveCfg = Release|Any CPU
		{274B7387-B830-49A7-AC56-645B12665E7A}.Release|Any CPU.Build.0 = Release|Any CPU
	EndGlobalSection
	GlobalSection(SolutionProperties) = preSolution
		HideSolutionNode = FALSE
	EndGlobalSection
	GlobalSection(ExtensibilityGlobals) = postSolution
		SolutionGuid = {A9089286-23ED-441D-91CF-C18F53309012}
	EndGlobalSection
EndGlobal
