
Microsoft Visual Studio Solution File, Format Version 12.00
# Visual Studio 15
VisualStudioVersion = 15.0.28307.572
MinimumVisualStudioVersion = 10.0.40219.1
Project("{FAE04EC0-301F-11D3-BF4B-00C04F79EFBC}") = "Exercicio010", "Exercicio010\Exercicio010.csproj", "{B0302583-4500-4F14-BCF5-30FE66B6D605}"
EndProject
Global
	GlobalSection(SolutionConfigurationPlatforms) = preSolution
		Debug|Any CPU = Debug|Any CPU
		Release|Any CPU = Release|Any CPU
	EndGlobalSection
	GlobalSection(ProjectConfigurationPlatforms) = postSolution
		{B0302583-4500-4F14-BCF5-30FE66B6D605}.Debug|Any CPU.ActiveCfg = Debug|Any CPU
		{B0302583-4500-4F14-BCF5-30FE66B6D605}.Debug|Any CPU.Build.0 = Debug|Any CPU
		{B0302583-4500-4F14-BCF5-30FE66B6D605}.Release|Any CPU.ActiveCfg = Release|Any CPU
		{B0302583-4500-4F14-BCF5-30FE66B6D605}.Release|Any CPU.Build.0 = Release|Any CPU
	EndGlobalSection
	GlobalSection(SolutionProperties) = preSolution
		HideSolutionNode = FALSE
	EndGlobalSection
	GlobalSection(ExtensibilityGlobals) = postSolution
		SolutionGuid = {98C64A33-2ADE-4A86-B33C-D0D8595033FE}
	EndGlobalSection
EndGlobal
