
Microsoft Visual Studio Solution File, Format Version 12.00
# Visual Studio 15
VisualStudioVersion = 15.0.28307.572
MinimumVisualStudioVersion = 10.0.40219.1
Project("{FAE04EC0-301F-11D3-BF4B-00C04F79EFBC}") = "Exercicio108", "Exercicio108\Exercicio108.csproj", "{5340F238-AC8B-414E-AC64-631772E9685F}"
EndProject
Global
	GlobalSection(SolutionConfigurationPlatforms) = preSolution
		Debug|Any CPU = Debug|Any CPU
		Release|Any CPU = Release|Any CPU
	EndGlobalSection
	GlobalSection(ProjectConfigurationPlatforms) = postSolution
		{5340F238-AC8B-414E-AC64-631772E9685F}.Debug|Any CPU.ActiveCfg = Debug|Any CPU
		{5340F238-AC8B-414E-AC64-631772E9685F}.Debug|Any CPU.Build.0 = Debug|Any CPU
		{5340F238-AC8B-414E-AC64-631772E9685F}.Release|Any CPU.ActiveCfg = Release|Any CPU
		{5340F238-AC8B-414E-AC64-631772E9685F}.Release|Any CPU.Build.0 = Release|Any CPU
	EndGlobalSection
	GlobalSection(SolutionProperties) = preSolution
		HideSolutionNode = FALSE
	EndGlobalSection
	GlobalSection(ExtensibilityGlobals) = postSolution
		SolutionGuid = {5EAD7891-F45D-4807-A3CD-BB34428A1DA5}
	EndGlobalSection
EndGlobal
