
Microsoft Visual Studio Solution File, Format Version 12.00
# Visual Studio 15
VisualStudioVersion = 15.0.28307.572
MinimumVisualStudioVersion = 10.0.40219.1
Project("{FAE04EC0-301F-11D3-BF4B-00C04F79EFBC}") = "Exercicio103", "Exercicio103\Exercicio103.csproj", "{20327D57-EDA2-4F6A-8C81-8F15E9ACC44D}"
EndProject
Global
	GlobalSection(SolutionConfigurationPlatforms) = preSolution
		Debug|Any CPU = Debug|Any CPU
		Release|Any CPU = Release|Any CPU
	EndGlobalSection
	GlobalSection(ProjectConfigurationPlatforms) = postSolution
		{20327D57-EDA2-4F6A-8C81-8F15E9ACC44D}.Debug|Any CPU.ActiveCfg = Debug|Any CPU
		{20327D57-EDA2-4F6A-8C81-8F15E9ACC44D}.Debug|Any CPU.Build.0 = Debug|Any CPU
		{20327D57-EDA2-4F6A-8C81-8F15E9ACC44D}.Release|Any CPU.ActiveCfg = Release|Any CPU
		{20327D57-EDA2-4F6A-8C81-8F15E9ACC44D}.Release|Any CPU.Build.0 = Release|Any CPU
	EndGlobalSection
	GlobalSection(SolutionProperties) = preSolution
		HideSolutionNode = FALSE
	EndGlobalSection
	GlobalSection(ExtensibilityGlobals) = postSolution
		SolutionGuid = {63948348-9A1C-464B-8A02-E6668F9955F3}
	EndGlobalSection
EndGlobal
