
Microsoft Visual Studio Solution File, Format Version 12.00
# Visual Studio 15
VisualStudioVersion = 15.0.28307.572
MinimumVisualStudioVersion = 10.0.40219.1
Project("{FAE04EC0-301F-11D3-BF4B-00C04F79EFBC}") = "Exercicio035", "Exercicio035\Exercicio035.csproj", "{D24BDD64-AD1B-4BAD-9CEB-DA67C4B13CBD}"
EndProject
Global
	GlobalSection(SolutionConfigurationPlatforms) = preSolution
		Debug|Any CPU = Debug|Any CPU
		Release|Any CPU = Release|Any CPU
	EndGlobalSection
	GlobalSection(ProjectConfigurationPlatforms) = postSolution
		{D24BDD64-AD1B-4BAD-9CEB-DA67C4B13CBD}.Debug|Any CPU.ActiveCfg = Debug|Any CPU
		{D24BDD64-AD1B-4BAD-9CEB-DA67C4B13CBD}.Debug|Any CPU.Build.0 = Debug|Any CPU
		{D24BDD64-AD1B-4BAD-9CEB-DA67C4B13CBD}.Release|Any CPU.ActiveCfg = Release|Any CPU
		{D24BDD64-AD1B-4BAD-9CEB-DA67C4B13CBD}.Release|Any CPU.Build.0 = Release|Any CPU
	EndGlobalSection
	GlobalSection(SolutionProperties) = preSolution
		HideSolutionNode = FALSE
	EndGlobalSection
	GlobalSection(ExtensibilityGlobals) = postSolution
		SolutionGuid = {EF6879AE-0424-4BE5-891C-79EC0D8E59F6}
	EndGlobalSection
EndGlobal
