
Microsoft Visual Studio Solution File, Format Version 12.00
# Visual Studio 15
VisualStudioVersion = 15.0.28307.572
MinimumVisualStudioVersion = 10.0.40219.1
Project("{FAE04EC0-301F-11D3-BF4B-00C04F79EFBC}") = "Exercicio040", "Exercicio040\Exercicio040.csproj", "{10324635-E58E-4111-8C5B-AFC3957668D6}"
EndProject
Global
	GlobalSection(SolutionConfigurationPlatforms) = preSolution
		Debug|Any CPU = Debug|Any CPU
		Release|Any CPU = Release|Any CPU
	EndGlobalSection
	GlobalSection(ProjectConfigurationPlatforms) = postSolution
		{10324635-E58E-4111-8C5B-AFC3957668D6}.Debug|Any CPU.ActiveCfg = Debug|Any CPU
		{10324635-E58E-4111-8C5B-AFC3957668D6}.Debug|Any CPU.Build.0 = Debug|Any CPU
		{10324635-E58E-4111-8C5B-AFC3957668D6}.Release|Any CPU.ActiveCfg = Release|Any CPU
		{10324635-E58E-4111-8C5B-AFC3957668D6}.Release|Any CPU.Build.0 = Release|Any CPU
	EndGlobalSection
	GlobalSection(SolutionProperties) = preSolution
		HideSolutionNode = FALSE
	EndGlobalSection
	GlobalSection(ExtensibilityGlobals) = postSolution
		SolutionGuid = {50214959-390F-47CF-89F6-020823E741C9}
	EndGlobalSection
EndGlobal
